{
  "name": "tomfoolery",
  "version": "1.0.0",
  "lockfileVersion": 2,
  "requires": true,
  "packages": {
    "": {
      "name": "tomfoolery",
      "version": "1.0.0",
      "license": "ISC",
      "dependencies": {
        "@quenty/loader": "^4.0.0",
        "@quenty/maid": "^2.2.0"
      }
    },
    "node_modules/@quenty/loader": {
      "version": "4.0.0",
      "resolved": "https://registry.npmjs.org/@quenty/loader/-/loader-4.0.0.tgz",
      "integrity": "sha512-yL9FxmDggJtoQC+4gTljAPonX0FcCUem/Rtwd8AIJU764Dj/ehsXppVpzZhpnkWDBUQQtRGhieHizMr7NRdsmg==",
      "funding": {
        "type": "patreon",
        "url": "https://www.patreon.com/quenty"
      }
    },
    "node_modules/@quenty/maid": {
      "version": "2.2.0",
      "resolved": "https://registry.npmjs.org/@quenty/maid/-/maid-2.2.0.tgz",
      "integrity": "sha512-jpYoNrPpZvagZqcoq6ALRL7PQnDgW1QXTzy78YHRAcpgJeq2CTBYXXuSEe4Yo+TgLcGQWRWep8VXjbIX/eoPJg==",
      "funding": {
        "type": "patreon",
        "url": "https://www.patreon.com/quenty"
      }
    }
  },
  "dependencies": {
    "@quenty/loader": {
      "version": "4.0.0",
      "resolved": "https://registry.npmjs.org/@quenty/loader/-/loader-4.0.0.tgz",
      "integrity": "sha512-yL9FxmDggJtoQC+4gTljAPonX0FcCUem/Rtwd8AIJU764Dj/ehsXppVpzZhpnkWDBUQQtRGhieHizMr7NRdsmg=="
    },
    "@quenty/maid": {
      "version": "2.2.0",
      "resolved": "https://registry.npmjs.org/@quenty/maid/-/maid-2.2.0.tgz",
      "integrity": "sha512-jpYoNrPpZvagZqcoq6ALRL7PQnDgW1QXTzy78YHRAcpgJeq2CTBYXXuSEe4Yo+TgLcGQWRWep8VXjbIX/eoPJg=="
    }
  }
}
