# This file is automatically @generated by Wally.
# It is not intended for manual editing.
registry = "test"

[[package]]
name = "ekdesktop/tomfoolery"
version = "0.1.0"
dependencies = [["axis", "sleitnick/axis@0.1.0"], ["matter", "evaera/matter@0.1.2"]]

[[package]]
name = "evaera/matter"
version = "0.1.2"
dependencies = [["Llama", "shanebutt/llama@1.1.4"], ["TestEZ", "roblox/testez@0.4.1"]]

[[package]]
name = "osyrisrblx/t"
version = "3.0.0"
dependencies = []

[[package]]
name = "roblox/testez"
version = "0.4.1"
dependencies = []

[[package]]
name = "shanebutt/llama"
version = "1.1.4"
dependencies = [["t", "osyrisrblx/t@3.0.0"]]

[[package]]
name = "sleitnick/axis"
version = "0.1.0"
dependencies = []
